
Microsoft Visual Studio Solution File, Format Version 12.00
# Visual Studio Version 17
VisualStudioVersion = 17.11.35222.181
MinimumVisualStudioVersion = 10.0.40219.1
Project("{8BC9CEB8-8B4A-11D0-8D11-00A0C91BC942}") = "functions_2", "functions_2\functions_2.vcxproj", "{13D63499-2764-466C-80EC-7DF07AD5BFAE}"
EndProject
Global
	GlobalSection(SolutionConfigurationPlatforms) = preSolution
		Debug|x64 = Debug|x64
		Debug|x86 = Debug|x86
		Release|x64 = Release|x64
		Release|x86 = Release|x86
	EndGlobalSection
	GlobalSection(ProjectConfigurationPlatforms) = postSolution
		{13D63499-2764-466C-80EC-7DF07AD5BFAE}.Debug|x64.ActiveCfg = Debug|x64
		{13D63499-2764-466C-80EC-7DF07AD5BFAE}.Debug|x64.Build.0 = Debug|x64
		{13D63499-2764-466C-80EC-7DF07AD5BFAE}.Debug|x86.ActiveCfg = Debug|Win32
		{13D63499-2764-466C-80EC-7DF07AD5BFAE}.Debug|x86.Build.0 = Debug|Win32
		{13D63499-2764-466C-80EC-7DF07AD5BFAE}.Release|x64.ActiveCfg = Release|x64
		{13D63499-2764-466C-80EC-7DF07AD5BFAE}.Release|x64.Build.0 = Release|x64
		{13D63499-2764-466C-80EC-7DF07AD5BFAE}.Release|x86.ActiveCfg = Release|Win32
		{13D63499-2764-466C-80EC-7DF07AD5BFAE}.Release|x86.Build.0 = Release|Win32
	EndGlobalSection
	GlobalSection(SolutionProperties) = preSolution
		HideSolutionNode = FALSE
	EndGlobalSection
	GlobalSection(ExtensibilityGlobals) = postSolution
		SolutionGuid = {08EBA347-B0D7-46A7-B8F4-096366B75148}
	EndGlobalSection
EndGlobal
